// !$*UTF8*$!
{
	archiveVersion = 1;
	classes = {
	};
	objectVersion = 46;
	objects = {

/* Begin PBXBuildFile section */
		B74B110F1D2B9F32003ABFFB /* AppDelegate.swift in Sources */ = {isa = PBXBuildFile; fileRef = B74B110E1D2B9F32003ABFFB /* AppDelegate.swift */; };
		B74B11111D2B9F32003ABFFB /* ViewController.swift in Sources */ = {isa = PBXBuildFile; fileRef = B74B11101D2B9F32003ABFFB /* ViewController.swift */; };
		B74B11141D2B9F32003ABFFB /* Main.storyboard in Resources */ = {isa = PBXBuildFile; fileRef = B74B11121D2B9F32003ABFFB /* Main.storyboard */; };
		B74B11161D2B9F32003ABFFB /* Assets.xcassets in Resources */ = {isa = PBXBuildFile; fileRef = B74B11151D2B9F32003ABFFB /* Assets.xcassets */; };
		B74B11191D2B9F32003ABFFB /* LaunchScreen.storyboard in Resources */ = {isa = PBXBuildFile; fileRef = B74B11171D2B9F32003ABFFB /* LaunchScreen.storyboard */; };
		B74B11211D2B9FBB003ABFFB /* README.MD in Sources */ = {isa = PBXBuildFile; fileRef = B74B11201D2B9FBB003ABFFB /* README.MD */; };
		B74B11231D2BA34B003ABFFB /* BaseTableViewController.swift in Sources */ = {isa = PBXBuildFile; fileRef = B74B11221D2BA34B003ABFFB /* BaseTableViewController.swift */; };
		B74B11251D2BA903003ABFFB /* SocialBaseViewController.swift in Sources */ = {isa = PBXBuildFile; fileRef = B74B11241D2BA903003ABFFB /* SocialBaseViewController.swift */; };
		B74B11271D2BF7B6003ABFFB /* RKLabel.swift in Sources */ = {isa = PBXBuildFile; fileRef = B74B11261D2BF7B6003ABFFB /* RKLabel.swift */; };
/* End PBXBuildFile section */

/* Begin PBXFileReference section */
		B74B110B1D2B9F32003ABFFB /* 网易主界面.app */ = {isa = PBXFileReference; explicitFileType = wrapper.application; includeInIndex = 0; path = "网易主界面.app"; sourceTree = BUILT_PRODUCTS_DIR; };
		B74B110E1D2B9F32003ABFFB /* AppDelegate.swift */ = {isa = PBXFileReference; lastKnownFileType = sourcecode.swift; path = AppDelegate.swift; sourceTree = "<group>"; };
		B74B11101D2B9F32003ABFFB /* ViewController.swift */ = {isa = PBXFileReference; lastKnownFileType = sourcecode.swift; path = ViewController.swift; sourceTree = "<group>"; };
		B74B11131D2B9F32003ABFFB /* Base */ = {isa = PBXFileReference; lastKnownFileType = file.storyboard; name = Base; path = Base.lproj/Main.storyboard; sourceTree = "<group>"; };
		B74B11151D2B9F32003ABFFB /* Assets.xcassets */ = {isa = PBXFileReference; lastKnownFileType = folder.assetcatalog; path = Assets.xcassets; sourceTree = "<group>"; };
		B74B11181D2B9F32003ABFFB /* Base */ = {isa = PBXFileReference; lastKnownFileType = file.storyboard; name = Base; path = Base.lproj/LaunchScreen.storyboard; sourceTree = "<group>"; };
		B74B111A1D2B9F32003ABFFB /* Info.plist */ = {isa = PBXFileReference; lastKnownFileType = text.plist.xml; path = Info.plist; sourceTree = "<group>"; };
		B74B11201D2B9FBB003ABFFB /* README.MD */ = {isa = PBXFileReference; fileEncoding = 4; lastKnownFileType = net.daringfireball.markdown; path = README.MD; sourceTree = "<group>"; };
		B74B11221D2BA34B003ABFFB /* BaseTableViewController.swift */ = {isa = PBXFileReference; fileEncoding = 4; lastKnownFileType = sourcecode.swift; path = BaseTableViewController.swift; sourceTree = "<group>"; };
		B74B11241D2BA903003ABFFB /* SocialBaseViewController.swift */ = {isa = PBXFileReference; fileEncoding = 4; lastKnownFileType = sourcecode.swift; path = SocialBaseViewController.swift; sourceTree = "<group>"; };
		B74B11261D2BF7B6003ABFFB /* RKLabel.swift */ = {isa = PBXFileReference; fileEncoding = 4; lastKnownFileType = sourcecode.swift; path = RKLabel.swift; sourceTree = "<group>"; };
/* End PBXFileReference section */

/* Begin PBXFrameworksBuildPhase section */
		B74B11081D2B9F32003ABFFB /* Frameworks */ = {
			isa = PBXFrameworksBuildPhase;
			buildActionMask = 2147483647;
			files = (
			);
			runOnlyForDeploymentPostprocessing = 0;
		};
/* End PBXFrameworksBuildPhase section */

/* Begin PBXGroup section */
		B74B11021D2B9F32003ABFFB = {
			isa = PBXGroup;
			children = (
				B74B110D1D2B9F32003ABFFB /* 网易主界面 */,
				B74B110C1D2B9F32003ABFFB /* Products */,
			);
			sourceTree = "<group>";
		};
		B74B110C1D2B9F32003ABFFB /* Products */ = {
			isa = PBXGroup;
			children = (
				B74B110B1D2B9F32003ABFFB /* 网易主界面.app */,
			);
			name = Products;
			sourceTree = "<group>";
		};
		B74B110D1D2B9F32003ABFFB /* 网易主界面 */ = {
			isa = PBXGroup;
			children = (
				B74B110E1D2B9F32003ABFFB /* AppDelegate.swift */,
				B74B11101D2B9F32003ABFFB /* ViewController.swift */,
				B74B11261D2BF7B6003ABFFB /* RKLabel.swift */,
				B74B11221D2BA34B003ABFFB /* BaseTableViewController.swift */,
				B74B11121D2B9F32003ABFFB /* Main.storyboard */,
				B74B11151D2B9F32003ABFFB /* Assets.xcassets */,
				B74B11171D2B9F32003ABFFB /* LaunchScreen.storyboard */,
				B74B111A1D2B9F32003ABFFB /* Info.plist */,
				B74B11201D2B9FBB003ABFFB /* README.MD */,
				B74B11241D2BA903003ABFFB /* SocialBaseViewController.swift */,
			);
			path = "网易主界面";
			sourceTree = "<group>";
		};
/* End PBXGroup section */

/* Begin PBXNativeTarget section */
		B74B110A1D2B9F32003ABFFB /* 网易主界面 */ = {
			isa = PBXNativeTarget;
			buildConfigurationList = B74B111D1D2B9F32003ABFFB /* Build configuration list for PBXNativeTarget "网易主界面" */;
			buildPhases = (
				B74B11071D2B9F32003ABFFB /* Sources */,
				B74B11081D2B9F32003ABFFB /* Frameworks */,
				B74B11091D2B9F32003ABFFB /* Resources */,
			);
			buildRules = (
			);
			dependencies = (
			);
			name = "网易主界面";
			productName = "网易主界面";
			productReference = B74B110B1D2B9F32003ABFFB /* 网易主界面.app */;
			productType = "com.apple.product-type.application";
		};
/* End PBXNativeTarget section */

/* Begin PBXProject section */
		B74B11031D2B9F32003ABFFB /* Project object */ = {
			isa = PBXProject;
			attributes = {
				LastSwiftUpdateCheck = 0730;
				LastUpgradeCheck = 0730;
				ORGANIZATIONNAME = com.io.github.kyleruan;
				TargetAttributes = {
					B74B110A1D2B9F32003ABFFB = {
						CreatedOnToolsVersion = 7.3.1;
						DevelopmentTeam = F98L43TZJ8;
					};
				};
			};
			buildConfigurationList = B74B11061D2B9F32003ABFFB /* Build configuration list for PBXProject "网易主界面" */;
			compatibilityVersion = "Xcode 3.2";
			developmentRegion = English;
			hasScannedForEncodings = 0;
			knownRegions = (
				en,
				Base,
			);
			mainGroup = B74B11021D2B9F32003ABFFB;
			productRefGroup = B74B110C1D2B9F32003ABFFB /* Products */;
			projectDirPath = "";
			projectRoot = "";
			targets = (
				B74B110A1D2B9F32003ABFFB /* 网易主界面 */,
			);
		};
/* End PBXProject section */

/* Begin PBXResourcesBuildPhase section */
		B74B11091D2B9F32003ABFFB /* Resources */ = {
			isa = PBXResourcesBuildPhase;
			buildActionMask = 2147483647;
			files = (
				B74B11191D2B9F32003ABFFB /* LaunchScreen.storyboard in Resources */,
				B74B11161D2B9F32003ABFFB /* Assets.xcassets in Resources */,
				B74B11141D2B9F32003ABFFB /* Main.storyboard in Resources */,
			);
			runOnlyForDeploymentPostprocessing = 0;
		};
/* End PBXResourcesBuildPhase section */

/* Begin PBXSourcesBuildPhase section */
		B74B11071D2B9F32003ABFFB /* Sources */ = {
			isa = PBXSourcesBuildPhase;
			buildActionMask = 2147483647;
			files = (
				B74B11251D2BA903003ABFFB /* SocialBaseViewController.swift in Sources */,
				B74B11271D2BF7B6003ABFFB /* RKLabel.swift in Sources */,
				B74B11211D2B9FBB003ABFFB /* README.MD in Sources */,
				B74B11111D2B9F32003ABFFB /* ViewController.swift in Sources */,
				B74B11231D2BA34B003ABFFB /* BaseTableViewController.swift in Sources */,
				B74B110F1D2B9F32003ABFFB /* AppDelegate.swift in Sources */,
			);
			runOnlyForDeploymentPostprocessing = 0;
		};
/* End PBXSourcesBuildPhase section */

/* Begin PBXVariantGroup section */
		B74B11121D2B9F32003ABFFB /* Main.storyboard */ = {
			isa = PBXVariantGroup;
			children = (
				B74B11131D2B9F32003ABFFB /* Base */,
			);
			name = Main.storyboard;
			sourceTree = "<group>";
		};
		B74B11171D2B9F32003ABFFB /* LaunchScreen.storyboard */ = {
			isa = PBXVariantGroup;
			children = (
				B74B11181D2B9F32003ABFFB /* Base */,
			);
			name = LaunchScreen.storyboard;
			sourceTree = "<group>";
		};
/* End PBXVariantGroup section */

/* Begin XCBuildConfiguration section */
		B74B111B1D2B9F32003ABFFB /* Debug */ = {
			isa = XCBuildConfiguration;
			buildSettings = {
				ALWAYS_SEARCH_USER_PATHS = NO;
				CLANG_ANALYZER_NONNULL = YES;
				CLANG_CXX_LANGUAGE_STANDARD = "gnu++0x";
				CLANG_CXX_LIBRARY = "libc++";
				CLANG_ENABLE_MODULES = YES;
				CLANG_ENABLE_OBJC_ARC = YES;
				CLANG_WARN_BOOL_CONVERSION = YES;
				CLANG_WARN_CONSTANT_CONVERSION = YES;
				CLANG_WARN_DIRECT_OBJC_ISA_USAGE = YES_ERROR;
				CLANG_WARN_EMPTY_BODY = YES;
				CLANG_WARN_ENUM_CONVERSION = YES;
				CLANG_WARN_INT_CONVERSION = YES;
				CLANG_WARN_OBJC_ROOT_CLASS = YES_ERROR;
				CLANG_WARN_UNREACHABLE_CODE = YES;
				CLANG_WARN__DUPLICATE_METHOD_MATCH = YES;
				"CODE_SIGN_IDENTITY[sdk=iphoneos*]" = "iPhone Developer";
				COPY_PHASE_STRIP = NO;
				DEBUG_INFORMATION_FORMAT = dwarf;
				ENABLE_STRICT_OBJC_MSGSEND = YES;
				ENABLE_TESTABILITY = YES;
				GCC_C_LANGUAGE_STANDARD = gnu99;
				GCC_DYNAMIC_NO_PIC = NO;
				GCC_NO_COMMON_BLOCKS = YES;
				GCC_OPTIMIZATION_LEVEL = 0;
				GCC_PREPROCESSOR_DEFINITIONS = (
					"DEBUG=1",
					"$(inherited)",
				);
				GCC_WARN_64_TO_32_BIT_CONVERSION = YES;
				GCC_WARN_ABOUT_RETURN_TYPE = YES_ERROR;
				GCC_WARN_UNDECLARED_SELECTOR = YES;
				GCC_WARN_UNINITIALIZED_AUTOS = YES_AGGRESSIVE;
				GCC_WARN_UNUSED_FUNCTION = YES;
				GCC_WARN_UNUSED_VARIABLE = YES;
				IPHONEOS_DEPLOYMENT_TARGET = 9.3;
				MTL_ENABLE_DEBUG_INFO = YES;
				ONLY_ACTIVE_ARCH = YES;
				SDKROOT = iphoneos;
				SWIFT_OPTIMIZATION_LEVEL = "-Onone";
			};
			name = Debug;
		};
		B74B111C1D2B9F32003ABFFB /* Release */ = {
			isa = XCBuildConfiguration;
			buildSettings = {
				ALWAYS_SEARCH_USER_PATHS = NO;
				CLANG_ANALYZER_NONNULL = YES;
				CLANG_CXX_LANGUAGE_STANDARD = "gnu++0x";
				CLANG_CXX_LIBRARY = "libc++";
				CLANG_ENABLE_MODULES = YES;
				CLANG_ENABLE_OBJC_ARC = YES;
				CLANG_WARN_BOOL_CONVERSION = YES;
				CLANG_WARN_CONSTANT_CONVERSION = YES;
				CLANG_WARN_DIRECT_OBJC_ISA_USAGE = YES_ERROR;
				CLANG_WARN_EMPTY_BODY = YES;
				CLANG_WARN_ENUM_CONVERSION = YES;
				CLANG_WARN_INT_CONVERSION = YES;
				CLANG_WARN_OBJC_ROOT_CLASS = YES_ERROR;
				CLANG_WARN_UNREACHABLE_CODE = YES;
				CLANG_WARN__DUPLICATE_METHOD_MATCH = YES;
				"CODE_SIGN_IDENTITY[sdk=iphoneos*]" = "iPhone Developer";
				COPY_PHASE_STRIP = NO;
				DEBUG_INFORMATION_FORMAT = "dwarf-with-dsym";
				ENABLE_NS_ASSERTIONS = NO;
				ENABLE_STRICT_OBJC_MSGSEND = YES;
				GCC_C_LANGUAGE_STANDARD = gnu99;
				GCC_NO_COMMON_BLOCKS = YES;
				GCC_WARN_64_TO_32_BIT_CONVERSION = YES;
				GCC_WARN_ABOUT_RETURN_TYPE = YES_ERROR;
				GCC_WARN_UNDECLARED_SELECTOR = YES;
				GCC_WARN_UNINITIALIZED_AUTOS = YES_AGGRESSIVE;
				GCC_WARN_UNUSED_FUNCTION = YES;
				GCC_WARN_UNUSED_VARIABLE = YES;
				IPHONEOS_DEPLOYMENT_TARGET = 9.3;
				MTL_ENABLE_DEBUG_INFO = NO;
				SDKROOT = iphoneos;
				VALIDATE_PRODUCT = YES;
			};
			name = Release;
		};
		B74B111E1D2B9F32003ABFFB /* Debug */ = {
			isa = XCBuildConfiguration;
			buildSettings = {
				ASSETCATALOG_COMPILER_APPICON_NAME = AppIcon;
				INFOPLIST_FILE = "网易主界面/Info.plist";
				LD_RUNPATH_SEARCH_PATHS = "$(inherited) @executable_path/Frameworks";
				PRODUCT_BUNDLE_IDENTIFIER = "RuanKai.-----";
				PRODUCT_NAME = "$(TARGET_NAME)";
			};
			name = Debug;
		};
		B74B111F1D2B9F32003ABFFB /* Release */ = {
			isa = XCBuildConfiguration;
			buildSettings = {
				ASSETCATALOG_COMPILER_APPICON_NAME = AppIcon;
				INFOPLIST_FILE = "网易主界面/Info.plist";
				LD_RUNPATH_SEARCH_PATHS = "$(inherited) @executable_path/Frameworks";
				PRODUCT_BUNDLE_IDENTIFIER = "RuanKai.-----";
				PRODUCT_NAME = "$(TARGET_NAME)";
			};
			name = Release;
		};
/* End XCBuildConfiguration section */

/* Begin XCConfigurationList section */
		B74B11061D2B9F32003ABFFB /* Build configuration list for PBXProject "网易主界面" */ = {
			isa = XCConfigurationList;
			buildConfigurations = (
				B74B111B1D2B9F32003ABFFB /* Debug */,
				B74B111C1D2B9F32003ABFFB /* Release */,
			);
			defaultConfigurationIsVisible = 0;
			defaultConfigurationName = Release;
		};
		B74B111D1D2B9F32003ABFFB /* Build configuration list for PBXNativeTarget "网易主界面" */ = {
			isa = XCConfigurationList;
			buildConfigurations = (
				B74B111E1D2B9F32003ABFFB /* Debug */,
				B74B111F1D2B9F32003ABFFB /* Release */,
			);
			defaultConfigurationIsVisible = 0;
		};
/* End XCConfigurationList section */
	};
	rootObject = B74B11031D2B9F32003ABFFB /* Project object */;
}
