// !$*UTF8*$!
{
	archiveVersion = 1;
	classes = {
	};
	objectVersion = 46;
	objects = {

/* Begin PBXBuildFile section */
		B738F4D21CEE031800772E1D /* AppDelegate.swift in Sources */ = {isa = PBXBuildFile; fileRef = B738F4D11CEE031800772E1D /* AppDelegate.swift */; };
		B738F4D41CEE031800772E1D /* ViewController.swift in Sources */ = {isa = PBXBuildFile; fileRef = B738F4D31CEE031800772E1D /* ViewController.swift */; };
		B738F4D71CEE031800772E1D /* Main.storyboard in Resources */ = {isa = PBXBuildFile; fileRef = B738F4D51CEE031800772E1D /* Main.storyboard */; };
		B738F4D91CEE031800772E1D /* Assets.xcassets in Resources */ = {isa = PBXBuildFile; fileRef = B738F4D81CEE031800772E1D /* Assets.xcassets */; };
		B738F4DC1CEE031800772E1D /* LaunchScreen.storyboard in Resources */ = {isa = PBXBuildFile; fileRef = B738F4DA1CEE031800772E1D /* LaunchScreen.storyboard */; };
		B738F4E41CEE046600772E1D /* MainViewController.swift in Sources */ = {isa = PBXBuildFile; fileRef = B738F4E31CEE046600772E1D /* MainViewController.swift */; };
/* End PBXBuildFile section */

/* Begin PBXFileReference section */
		B738F4CE1CEE031800772E1D /* SiderView.app */ = {isa = PBXFileReference; explicitFileType = wrapper.application; includeInIndex = 0; path = SiderView.app; sourceTree = BUILT_PRODUCTS_DIR; };
		B738F4D11CEE031800772E1D /* AppDelegate.swift */ = {isa = PBXFileReference; lastKnownFileType = sourcecode.swift; path = AppDelegate.swift; sourceTree = "<group>"; };
		B738F4D31CEE031800772E1D /* ViewController.swift */ = {isa = PBXFileReference; lastKnownFileType = sourcecode.swift; path = ViewController.swift; sourceTree = "<group>"; };
		B738F4D61CEE031800772E1D /* Base */ = {isa = PBXFileReference; lastKnownFileType = file.storyboard; name = Base; path = Base.lproj/Main.storyboard; sourceTree = "<group>"; };
		B738F4D81CEE031800772E1D /* Assets.xcassets */ = {isa = PBXFileReference; lastKnownFileType = folder.assetcatalog; path = Assets.xcassets; sourceTree = "<group>"; };
		B738F4DB1CEE031800772E1D /* Base */ = {isa = PBXFileReference; lastKnownFileType = file.storyboard; name = Base; path = Base.lproj/LaunchScreen.storyboard; sourceTree = "<group>"; };
		B738F4DD1CEE031800772E1D /* Info.plist */ = {isa = PBXFileReference; lastKnownFileType = text.plist.xml; path = Info.plist; sourceTree = "<group>"; };
		B738F4E31CEE046600772E1D /* MainViewController.swift */ = {isa = PBXFileReference; fileEncoding = 4; lastKnownFileType = sourcecode.swift; path = MainViewController.swift; sourceTree = "<group>"; };
/* End PBXFileReference section */

/* Begin PBXFrameworksBuildPhase section */
		B738F4CB1CEE031800772E1D /* Frameworks */ = {
			isa = PBXFrameworksBuildPhase;
			buildActionMask = 2147483647;
			files = (
			);
			runOnlyForDeploymentPostprocessing = 0;
		};
/* End PBXFrameworksBuildPhase section */

/* Begin PBXGroup section */
		B738F4C51CEE031800772E1D = {
			isa = PBXGroup;
			children = (
				B738F4D01CEE031800772E1D /* SiderView */,
				B738F4CF1CEE031800772E1D /* Products */,
			);
			sourceTree = "<group>";
		};
		B738F4CF1CEE031800772E1D /* Products */ = {
			isa = PBXGroup;
			children = (
				B738F4CE1CEE031800772E1D /* SiderView.app */,
			);
			name = Products;
			sourceTree = "<group>";
		};
		B738F4D01CEE031800772E1D /* SiderView */ = {
			isa = PBXGroup;
			children = (
				B738F4D11CEE031800772E1D /* AppDelegate.swift */,
				B738F4D31CEE031800772E1D /* ViewController.swift */,
				B738F4E31CEE046600772E1D /* MainViewController.swift */,
				B738F4D51CEE031800772E1D /* Main.storyboard */,
				B738F4D81CEE031800772E1D /* Assets.xcassets */,
				B738F4DA1CEE031800772E1D /* LaunchScreen.storyboard */,
				B738F4DD1CEE031800772E1D /* Info.plist */,
			);
			path = SiderView;
			sourceTree = "<group>";
		};
/* End PBXGroup section */

/* Begin PBXNativeTarget section */
		B738F4CD1CEE031800772E1D /* SiderView */ = {
			isa = PBXNativeTarget;
			buildConfigurationList = B738F4E01CEE031800772E1D /* Build configuration list for PBXNativeTarget "SiderView" */;
			buildPhases = (
				B738F4CA1CEE031800772E1D /* Sources */,
				B738F4CB1CEE031800772E1D /* Frameworks */,
				B738F4CC1CEE031800772E1D /* Resources */,
			);
			buildRules = (
			);
			dependencies = (
			);
			name = SiderView;
			productName = SiderView;
			productReference = B738F4CE1CEE031800772E1D /* SiderView.app */;
			productType = "com.apple.product-type.application";
		};
/* End PBXNativeTarget section */

/* Begin PBXProject section */
		B738F4C61CEE031800772E1D /* Project object */ = {
			isa = PBXProject;
			attributes = {
				LastSwiftUpdateCheck = 0730;
				LastUpgradeCheck = 0730;
				ORGANIZATIONNAME = com.io.github.kyleruan;
				TargetAttributes = {
					B738F4CD1CEE031800772E1D = {
						CreatedOnToolsVersion = 7.3.1;
						DevelopmentTeam = F98L43TZJ8;
					};
				};
			};
			buildConfigurationList = B738F4C91CEE031800772E1D /* Build configuration list for PBXProject "SiderView" */;
			compatibilityVersion = "Xcode 3.2";
			developmentRegion = English;
			hasScannedForEncodings = 0;
			knownRegions = (
				en,
				Base,
			);
			mainGroup = B738F4C51CEE031800772E1D;
			productRefGroup = B738F4CF1CEE031800772E1D /* Products */;
			projectDirPath = "";
			projectRoot = "";
			targets = (
				B738F4CD1CEE031800772E1D /* SiderView */,
			);
		};
/* End PBXProject section */

/* Begin PBXResourcesBuildPhase section */
		B738F4CC1CEE031800772E1D /* Resources */ = {
			isa = PBXResourcesBuildPhase;
			buildActionMask = 2147483647;
			files = (
				B738F4DC1CEE031800772E1D /* LaunchScreen.storyboard in Resources */,
				B738F4D91CEE031800772E1D /* Assets.xcassets in Resources */,
				B738F4D71CEE031800772E1D /* Main.storyboard in Resources */,
			);
			runOnlyForDeploymentPostprocessing = 0;
		};
/* End PBXResourcesBuildPhase section */

/* Begin PBXSourcesBuildPhase section */
		B738F4CA1CEE031800772E1D /* Sources */ = {
			isa = PBXSourcesBuildPhase;
			buildActionMask = 2147483647;
			files = (
				B738F4E41CEE046600772E1D /* MainViewController.swift in Sources */,
				B738F4D41CEE031800772E1D /* ViewController.swift in Sources */,
				B738F4D21CEE031800772E1D /* AppDelegate.swift in Sources */,
			);
			runOnlyForDeploymentPostprocessing = 0;
		};
/* End PBXSourcesBuildPhase section */

/* Begin PBXVariantGroup section */
		B738F4D51CEE031800772E1D /* Main.storyboard */ = {
			isa = PBXVariantGroup;
			children = (
				B738F4D61CEE031800772E1D /* Base */,
			);
			name = Main.storyboard;
			sourceTree = "<group>";
		};
		B738F4DA1CEE031800772E1D /* LaunchScreen.storyboard */ = {
			isa = PBXVariantGroup;
			children = (
				B738F4DB1CEE031800772E1D /* Base */,
			);
			name = LaunchScreen.storyboard;
			sourceTree = "<group>";
		};
/* End PBXVariantGroup section */

/* Begin XCBuildConfiguration section */
		B738F4DE1CEE031800772E1D /* Debug */ = {
			isa = XCBuildConfiguration;
			buildSettings = {
				ALWAYS_SEARCH_USER_PATHS = NO;
				CLANG_ANALYZER_NONNULL = YES;
				CLANG_CXX_LANGUAGE_STANDARD = "gnu++0x";
				CLANG_CXX_LIBRARY = "libc++";
				CLANG_ENABLE_MODULES = YES;
				CLANG_ENABLE_OBJC_ARC = YES;
				CLANG_WARN_BOOL_CONVERSION = YES;
				CLANG_WARN_CONSTANT_CONVERSION = YES;
				CLANG_WARN_DIRECT_OBJC_ISA_USAGE = YES_ERROR;
				CLANG_WARN_EMPTY_BODY = YES;
				CLANG_WARN_ENUM_CONVERSION = YES;
				CLANG_WARN_INT_CONVERSION = YES;
				CLANG_WARN_OBJC_ROOT_CLASS = YES_ERROR;
				CLANG_WARN_UNREACHABLE_CODE = YES;
				CLANG_WARN__DUPLICATE_METHOD_MATCH = YES;
				"CODE_SIGN_IDENTITY[sdk=iphoneos*]" = "iPhone Developer";
				COPY_PHASE_STRIP = NO;
				DEBUG_INFORMATION_FORMAT = dwarf;
				ENABLE_STRICT_OBJC_MSGSEND = YES;
				ENABLE_TESTABILITY = YES;
				GCC_C_LANGUAGE_STANDARD = gnu99;
				GCC_DYNAMIC_NO_PIC = NO;
				GCC_NO_COMMON_BLOCKS = YES;
				GCC_OPTIMIZATION_LEVEL = 0;
				GCC_PREPROCESSOR_DEFINITIONS = (
					"DEBUG=1",
					"$(inherited)",
				);
				GCC_WARN_64_TO_32_BIT_CONVERSION = YES;
				GCC_WARN_ABOUT_RETURN_TYPE = YES_ERROR;
				GCC_WARN_UNDECLARED_SELECTOR = YES;
				GCC_WARN_UNINITIALIZED_AUTOS = YES_AGGRESSIVE;
				GCC_WARN_UNUSED_FUNCTION = YES;
				GCC_WARN_UNUSED_VARIABLE = YES;
				IPHONEOS_DEPLOYMENT_TARGET = 9.3;
				MTL_ENABLE_DEBUG_INFO = YES;
				ONLY_ACTIVE_ARCH = YES;
				SDKROOT = iphoneos;
				SWIFT_OPTIMIZATION_LEVEL = "-Onone";
			};
			name = Debug;
		};
		B738F4DF1CEE031800772E1D /* Release */ = {
			isa = XCBuildConfiguration;
			buildSettings = {
				ALWAYS_SEARCH_USER_PATHS = NO;
				CLANG_ANALYZER_NONNULL = YES;
				CLANG_CXX_LANGUAGE_STANDARD = "gnu++0x";
				CLANG_CXX_LIBRARY = "libc++";
				CLANG_ENABLE_MODULES = YES;
				CLANG_ENABLE_OBJC_ARC = YES;
				CLANG_WARN_BOOL_CONVERSION = YES;
				CLANG_WARN_CONSTANT_CONVERSION = YES;
				CLANG_WARN_DIRECT_OBJC_ISA_USAGE = YES_ERROR;
				CLANG_WARN_EMPTY_BODY = YES;
				CLANG_WARN_ENUM_CONVERSION = YES;
				CLANG_WARN_INT_CONVERSION = YES;
				CLANG_WARN_OBJC_ROOT_CLASS = YES_ERROR;
				CLANG_WARN_UNREACHABLE_CODE = YES;
				CLANG_WARN__DUPLICATE_METHOD_MATCH = YES;
				"CODE_SIGN_IDENTITY[sdk=iphoneos*]" = "iPhone Developer";
				COPY_PHASE_STRIP = NO;
				DEBUG_INFORMATION_FORMAT = "dwarf-with-dsym";
				ENABLE_NS_ASSERTIONS = NO;
				ENABLE_STRICT_OBJC_MSGSEND = YES;
				GCC_C_LANGUAGE_STANDARD = gnu99;
				GCC_NO_COMMON_BLOCKS = YES;
				GCC_WARN_64_TO_32_BIT_CONVERSION = YES;
				GCC_WARN_ABOUT_RETURN_TYPE = YES_ERROR;
				GCC_WARN_UNDECLARED_SELECTOR = YES;
				GCC_WARN_UNINITIALIZED_AUTOS = YES_AGGRESSIVE;
				GCC_WARN_UNUSED_FUNCTION = YES;
				GCC_WARN_UNUSED_VARIABLE = YES;
				IPHONEOS_DEPLOYMENT_TARGET = 9.3;
				MTL_ENABLE_DEBUG_INFO = NO;
				SDKROOT = iphoneos;
				VALIDATE_PRODUCT = YES;
			};
			name = Release;
		};
		B738F4E11CEE031800772E1D /* Debug */ = {
			isa = XCBuildConfiguration;
			buildSettings = {
				ASSETCATALOG_COMPILER_APPICON_NAME = AppIcon;
				INFOPLIST_FILE = SiderView/Info.plist;
				LD_RUNPATH_SEARCH_PATHS = "$(inherited) @executable_path/Frameworks";
				PRODUCT_BUNDLE_IDENTIFIER = RuanKai.SiderView;
				PRODUCT_NAME = "$(TARGET_NAME)";
			};
			name = Debug;
		};
		B738F4E21CEE031800772E1D /* Release */ = {
			isa = XCBuildConfiguration;
			buildSettings = {
				ASSETCATALOG_COMPILER_APPICON_NAME = AppIcon;
				INFOPLIST_FILE = SiderView/Info.plist;
				LD_RUNPATH_SEARCH_PATHS = "$(inherited) @executable_path/Frameworks";
				PRODUCT_BUNDLE_IDENTIFIER = RuanKai.SiderView;
				PRODUCT_NAME = "$(TARGET_NAME)";
			};
			name = Release;
		};
/* End XCBuildConfiguration section */

/* Begin XCConfigurationList section */
		B738F4C91CEE031800772E1D /* Build configuration list for PBXProject "SiderView" */ = {
			isa = XCConfigurationList;
			buildConfigurations = (
				B738F4DE1CEE031800772E1D /* Debug */,
				B738F4DF1CEE031800772E1D /* Release */,
			);
			defaultConfigurationIsVisible = 0;
			defaultConfigurationName = Release;
		};
		B738F4E01CEE031800772E1D /* Build configuration list for PBXNativeTarget "SiderView" */ = {
			isa = XCConfigurationList;
			buildConfigurations = (
				B738F4E11CEE031800772E1D /* Debug */,
				B738F4E21CEE031800772E1D /* Release */,
			);
			defaultConfigurationIsVisible = 0;
		};
/* End XCConfigurationList section */
	};
	rootObject = B738F4C61CEE031800772E1D /* Project object */;
}
