// !$*UTF8*$!
{
	archiveVersion = 1;
	classes = {
	};
	objectVersion = 46;
	objects = {

/* Begin PBXBuildFile section */
		B7506B761CB5482800A4BB40 /* main.m in Sources */ = {isa = PBXBuildFile; fileRef = B7506B751CB5482800A4BB40 /* main.m */; };
		B7506B791CB5482800A4BB40 /* AppDelegate.m in Sources */ = {isa = PBXBuildFile; fileRef = B7506B781CB5482800A4BB40 /* AppDelegate.m */; };
		B7506B7C1CB5482800A4BB40 /* ViewController.m in Sources */ = {isa = PBXBuildFile; fileRef = B7506B7B1CB5482800A4BB40 /* ViewController.m */; };
		B7506B7F1CB5482800A4BB40 /* Main.storyboard in Resources */ = {isa = PBXBuildFile; fileRef = B7506B7D1CB5482800A4BB40 /* Main.storyboard */; };
		B7506B811CB5482800A4BB40 /* Assets.xcassets in Resources */ = {isa = PBXBuildFile; fileRef = B7506B801CB5482800A4BB40 /* Assets.xcassets */; };
		B7506B841CB5482800A4BB40 /* LaunchScreen.storyboard in Resources */ = {isa = PBXBuildFile; fileRef = B7506B821CB5482800A4BB40 /* LaunchScreen.storyboard */; };
		B7506B8D1CB5491700A4BB40 /* RKPagingView.m in Sources */ = {isa = PBXBuildFile; fileRef = B7506B8C1CB5491700A4BB40 /* RKPagingView.m */; };
		B7506B8F1CB5492600A4BB40 /* RKPagingView.xib in Resources */ = {isa = PBXBuildFile; fileRef = B7506B8E1CB5492600A4BB40 /* RKPagingView.xib */; };
/* End PBXBuildFile section */

/* Begin PBXFileReference section */
		B7506B711CB5482800A4BB40 /* RKPagingView.app */ = {isa = PBXFileReference; explicitFileType = wrapper.application; includeInIndex = 0; path = RKPagingView.app; sourceTree = BUILT_PRODUCTS_DIR; };
		B7506B751CB5482800A4BB40 /* main.m */ = {isa = PBXFileReference; lastKnownFileType = sourcecode.c.objc; path = main.m; sourceTree = "<group>"; };
		B7506B771CB5482800A4BB40 /* AppDelegate.h */ = {isa = PBXFileReference; lastKnownFileType = sourcecode.c.h; path = AppDelegate.h; sourceTree = "<group>"; };
		B7506B781CB5482800A4BB40 /* AppDelegate.m */ = {isa = PBXFileReference; lastKnownFileType = sourcecode.c.objc; path = AppDelegate.m; sourceTree = "<group>"; };
		B7506B7A1CB5482800A4BB40 /* ViewController.h */ = {isa = PBXFileReference; lastKnownFileType = sourcecode.c.h; path = ViewController.h; sourceTree = "<group>"; };
		B7506B7B1CB5482800A4BB40 /* ViewController.m */ = {isa = PBXFileReference; lastKnownFileType = sourcecode.c.objc; path = ViewController.m; sourceTree = "<group>"; };
		B7506B7E1CB5482800A4BB40 /* Base */ = {isa = PBXFileReference; lastKnownFileType = file.storyboard; name = Base; path = Base.lproj/Main.storyboard; sourceTree = "<group>"; };
		B7506B801CB5482800A4BB40 /* Assets.xcassets */ = {isa = PBXFileReference; lastKnownFileType = folder.assetcatalog; path = Assets.xcassets; sourceTree = "<group>"; };
		B7506B831CB5482800A4BB40 /* Base */ = {isa = PBXFileReference; lastKnownFileType = file.storyboard; name = Base; path = Base.lproj/LaunchScreen.storyboard; sourceTree = "<group>"; };
		B7506B851CB5482800A4BB40 /* Info.plist */ = {isa = PBXFileReference; lastKnownFileType = text.plist.xml; path = Info.plist; sourceTree = "<group>"; };
		B7506B8B1CB5491700A4BB40 /* RKPagingView.h */ = {isa = PBXFileReference; fileEncoding = 4; lastKnownFileType = sourcecode.c.h; path = RKPagingView.h; sourceTree = "<group>"; };
		B7506B8C1CB5491700A4BB40 /* RKPagingView.m */ = {isa = PBXFileReference; fileEncoding = 4; lastKnownFileType = sourcecode.c.objc; path = RKPagingView.m; sourceTree = "<group>"; };
		B7506B8E1CB5492600A4BB40 /* RKPagingView.xib */ = {isa = PBXFileReference; fileEncoding = 4; lastKnownFileType = file.xib; path = RKPagingView.xib; sourceTree = "<group>"; };
/* End PBXFileReference section */

/* Begin PBXFrameworksBuildPhase section */
		B7506B6E1CB5482800A4BB40 /* Frameworks */ = {
			isa = PBXFrameworksBuildPhase;
			buildActionMask = 2147483647;
			files = (
			);
			runOnlyForDeploymentPostprocessing = 0;
		};
/* End PBXFrameworksBuildPhase section */

/* Begin PBXGroup section */
		B7506B681CB5482800A4BB40 = {
			isa = PBXGroup;
			children = (
				B7506B731CB5482800A4BB40 /* RKPagingView */,
				B7506B721CB5482800A4BB40 /* Products */,
			);
			sourceTree = "<group>";
		};
		B7506B721CB5482800A4BB40 /* Products */ = {
			isa = PBXGroup;
			children = (
				B7506B711CB5482800A4BB40 /* RKPagingView.app */,
			);
			name = Products;
			sourceTree = "<group>";
		};
		B7506B731CB5482800A4BB40 /* RKPagingView */ = {
			isa = PBXGroup;
			children = (
				B7506B771CB5482800A4BB40 /* AppDelegate.h */,
				B7506B781CB5482800A4BB40 /* AppDelegate.m */,
				B7506B7A1CB5482800A4BB40 /* ViewController.h */,
				B7506B7B1CB5482800A4BB40 /* ViewController.m */,
				B7506B7D1CB5482800A4BB40 /* Main.storyboard */,
				B7506B801CB5482800A4BB40 /* Assets.xcassets */,
				B7506B821CB5482800A4BB40 /* LaunchScreen.storyboard */,
				B7506B851CB5482800A4BB40 /* Info.plist */,
				B7506B741CB5482800A4BB40 /* Supporting Files */,
				B7506B8B1CB5491700A4BB40 /* RKPagingView.h */,
				B7506B8E1CB5492600A4BB40 /* RKPagingView.xib */,
				B7506B8C1CB5491700A4BB40 /* RKPagingView.m */,
			);
			path = RKPagingView;
			sourceTree = "<group>";
		};
		B7506B741CB5482800A4BB40 /* Supporting Files */ = {
			isa = PBXGroup;
			children = (
				B7506B751CB5482800A4BB40 /* main.m */,
			);
			name = "Supporting Files";
			sourceTree = "<group>";
		};
/* End PBXGroup section */

/* Begin PBXNativeTarget section */
		B7506B701CB5482800A4BB40 /* RKPagingView */ = {
			isa = PBXNativeTarget;
			buildConfigurationList = B7506B881CB5482800A4BB40 /* Build configuration list for PBXNativeTarget "RKPagingView" */;
			buildPhases = (
				B7506B6D1CB5482800A4BB40 /* Sources */,
				B7506B6E1CB5482800A4BB40 /* Frameworks */,
				B7506B6F1CB5482800A4BB40 /* Resources */,
			);
			buildRules = (
			);
			dependencies = (
			);
			name = RKPagingView;
			productName = RKPagingView;
			productReference = B7506B711CB5482800A4BB40 /* RKPagingView.app */;
			productType = "com.apple.product-type.application";
		};
/* End PBXNativeTarget section */

/* Begin PBXProject section */
		B7506B691CB5482800A4BB40 /* Project object */ = {
			isa = PBXProject;
			attributes = {
				CLASSPREFIX = RK;
				LastUpgradeCheck = 0730;
				ORGANIZATIONNAME = com.io.github.kyleruan;
				TargetAttributes = {
					B7506B701CB5482800A4BB40 = {
						CreatedOnToolsVersion = 7.3;
						DevelopmentTeam = F98L43TZJ8;
					};
				};
			};
			buildConfigurationList = B7506B6C1CB5482800A4BB40 /* Build configuration list for PBXProject "RKPagingView" */;
			compatibilityVersion = "Xcode 3.2";
			developmentRegion = English;
			hasScannedForEncodings = 0;
			knownRegions = (
				en,
				Base,
			);
			mainGroup = B7506B681CB5482800A4BB40;
			productRefGroup = B7506B721CB5482800A4BB40 /* Products */;
			projectDirPath = "";
			projectRoot = "";
			targets = (
				B7506B701CB5482800A4BB40 /* RKPagingView */,
			);
		};
/* End PBXProject section */

/* Begin PBXResourcesBuildPhase section */
		B7506B6F1CB5482800A4BB40 /* Resources */ = {
			isa = PBXResourcesBuildPhase;
			buildActionMask = 2147483647;
			files = (
				B7506B841CB5482800A4BB40 /* LaunchScreen.storyboard in Resources */,
				B7506B811CB5482800A4BB40 /* Assets.xcassets in Resources */,
				B7506B7F1CB5482800A4BB40 /* Main.storyboard in Resources */,
				B7506B8F1CB5492600A4BB40 /* RKPagingView.xib in Resources */,
			);
			runOnlyForDeploymentPostprocessing = 0;
		};
/* End PBXResourcesBuildPhase section */

/* Begin PBXSourcesBuildPhase section */
		B7506B6D1CB5482800A4BB40 /* Sources */ = {
			isa = PBXSourcesBuildPhase;
			buildActionMask = 2147483647;
			files = (
				B7506B7C1CB5482800A4BB40 /* ViewController.m in Sources */,
				B7506B791CB5482800A4BB40 /* AppDelegate.m in Sources */,
				B7506B761CB5482800A4BB40 /* main.m in Sources */,
				B7506B8D1CB5491700A4BB40 /* RKPagingView.m in Sources */,
			);
			runOnlyForDeploymentPostprocessing = 0;
		};
/* End PBXSourcesBuildPhase section */

/* Begin PBXVariantGroup section */
		B7506B7D1CB5482800A4BB40 /* Main.storyboard */ = {
			isa = PBXVariantGroup;
			children = (
				B7506B7E1CB5482800A4BB40 /* Base */,
			);
			name = Main.storyboard;
			sourceTree = "<group>";
		};
		B7506B821CB5482800A4BB40 /* LaunchScreen.storyboard */ = {
			isa = PBXVariantGroup;
			children = (
				B7506B831CB5482800A4BB40 /* Base */,
			);
			name = LaunchScreen.storyboard;
			sourceTree = "<group>";
		};
/* End PBXVariantGroup section */

/* Begin XCBuildConfiguration section */
		B7506B861CB5482800A4BB40 /* Debug */ = {
			isa = XCBuildConfiguration;
			buildSettings = {
				ALWAYS_SEARCH_USER_PATHS = NO;
				CLANG_ANALYZER_NONNULL = YES;
				CLANG_CXX_LANGUAGE_STANDARD = "gnu++0x";
				CLANG_CXX_LIBRARY = "libc++";
				CLANG_ENABLE_MODULES = YES;
				CLANG_ENABLE_OBJC_ARC = YES;
				CLANG_WARN_BOOL_CONVERSION = YES;
				CLANG_WARN_CONSTANT_CONVERSION = YES;
				CLANG_WARN_DIRECT_OBJC_ISA_USAGE = YES_ERROR;
				CLANG_WARN_EMPTY_BODY = YES;
				CLANG_WARN_ENUM_CONVERSION = YES;
				CLANG_WARN_INT_CONVERSION = YES;
				CLANG_WARN_OBJC_ROOT_CLASS = YES_ERROR;
				CLANG_WARN_UNREACHABLE_CODE = YES;
				CLANG_WARN__DUPLICATE_METHOD_MATCH = YES;
				"CODE_SIGN_IDENTITY[sdk=iphoneos*]" = "iPhone Developer";
				COPY_PHASE_STRIP = NO;
				DEBUG_INFORMATION_FORMAT = dwarf;
				ENABLE_STRICT_OBJC_MSGSEND = YES;
				ENABLE_TESTABILITY = YES;
				GCC_C_LANGUAGE_STANDARD = gnu99;
				GCC_DYNAMIC_NO_PIC = NO;
				GCC_NO_COMMON_BLOCKS = YES;
				GCC_OPTIMIZATION_LEVEL = 0;
				GCC_PREPROCESSOR_DEFINITIONS = (
					"DEBUG=1",
					"$(inherited)",
				);
				GCC_WARN_64_TO_32_BIT_CONVERSION = YES;
				GCC_WARN_ABOUT_RETURN_TYPE = YES_ERROR;
				GCC_WARN_UNDECLARED_SELECTOR = YES;
				GCC_WARN_UNINITIALIZED_AUTOS = YES_AGGRESSIVE;
				GCC_WARN_UNUSED_FUNCTION = YES;
				GCC_WARN_UNUSED_VARIABLE = YES;
				IPHONEOS_DEPLOYMENT_TARGET = 9.3;
				MTL_ENABLE_DEBUG_INFO = YES;
				ONLY_ACTIVE_ARCH = YES;
				SDKROOT = iphoneos;
			};
			name = Debug;
		};
		B7506B871CB5482800A4BB40 /* Release */ = {
			isa = XCBuildConfiguration;
			buildSettings = {
				ALWAYS_SEARCH_USER_PATHS = NO;
				CLANG_ANALYZER_NONNULL = YES;
				CLANG_CXX_LANGUAGE_STANDARD = "gnu++0x";
				CLANG_CXX_LIBRARY = "libc++";
				CLANG_ENABLE_MODULES = YES;
				CLANG_ENABLE_OBJC_ARC = YES;
				CLANG_WARN_BOOL_CONVERSION = YES;
				CLANG_WARN_CONSTANT_CONVERSION = YES;
				CLANG_WARN_DIRECT_OBJC_ISA_USAGE = YES_ERROR;
				CLANG_WARN_EMPTY_BODY = YES;
				CLANG_WARN_ENUM_CONVERSION = YES;
				CLANG_WARN_INT_CONVERSION = YES;
				CLANG_WARN_OBJC_ROOT_CLASS = YES_ERROR;
				CLANG_WARN_UNREACHABLE_CODE = YES;
				CLANG_WARN__DUPLICATE_METHOD_MATCH = YES;
				"CODE_SIGN_IDENTITY[sdk=iphoneos*]" = "iPhone Developer";
				COPY_PHASE_STRIP = NO;
				DEBUG_INFORMATION_FORMAT = "dwarf-with-dsym";
				ENABLE_NS_ASSERTIONS = NO;
				ENABLE_STRICT_OBJC_MSGSEND = YES;
				GCC_C_LANGUAGE_STANDARD = gnu99;
				GCC_NO_COMMON_BLOCKS = YES;
				GCC_WARN_64_TO_32_BIT_CONVERSION = YES;
				GCC_WARN_ABOUT_RETURN_TYPE = YES_ERROR;
				GCC_WARN_UNDECLARED_SELECTOR = YES;
				GCC_WARN_UNINITIALIZED_AUTOS = YES_AGGRESSIVE;
				GCC_WARN_UNUSED_FUNCTION = YES;
				GCC_WARN_UNUSED_VARIABLE = YES;
				IPHONEOS_DEPLOYMENT_TARGET = 9.3;
				MTL_ENABLE_DEBUG_INFO = NO;
				SDKROOT = iphoneos;
				VALIDATE_PRODUCT = YES;
			};
			name = Release;
		};
		B7506B891CB5482800A4BB40 /* Debug */ = {
			isa = XCBuildConfiguration;
			buildSettings = {
				ASSETCATALOG_COMPILER_APPICON_NAME = AppIcon;
				INFOPLIST_FILE = RKPagingView/Info.plist;
				IPHONEOS_DEPLOYMENT_TARGET = 8.3;
				LD_RUNPATH_SEARCH_PATHS = "$(inherited) @executable_path/Frameworks";
				PRODUCT_BUNDLE_IDENTIFIER = RuanKai.RKPagingView;
				PRODUCT_NAME = "$(TARGET_NAME)";
			};
			name = Debug;
		};
		B7506B8A1CB5482800A4BB40 /* Release */ = {
			isa = XCBuildConfiguration;
			buildSettings = {
				ASSETCATALOG_COMPILER_APPICON_NAME = AppIcon;
				INFOPLIST_FILE = RKPagingView/Info.plist;
				IPHONEOS_DEPLOYMENT_TARGET = 8.3;
				LD_RUNPATH_SEARCH_PATHS = "$(inherited) @executable_path/Frameworks";
				PRODUCT_BUNDLE_IDENTIFIER = RuanKai.RKPagingView;
				PRODUCT_NAME = "$(TARGET_NAME)";
			};
			name = Release;
		};
/* End XCBuildConfiguration section */

/* Begin XCConfigurationList section */
		B7506B6C1CB5482800A4BB40 /* Build configuration list for PBXProject "RKPagingView" */ = {
			isa = XCConfigurationList;
			buildConfigurations = (
				B7506B861CB5482800A4BB40 /* Debug */,
				B7506B871CB5482800A4BB40 /* Release */,
			);
			defaultConfigurationIsVisible = 0;
			defaultConfigurationName = Release;
		};
		B7506B881CB5482800A4BB40 /* Build configuration list for PBXNativeTarget "RKPagingView" */ = {
			isa = XCConfigurationList;
			buildConfigurations = (
				B7506B891CB5482800A4BB40 /* Debug */,
				B7506B8A1CB5482800A4BB40 /* Release */,
			);
			defaultConfigurationIsVisible = 0;
			defaultConfigurationName = Release;
		};
/* End XCConfigurationList section */
	};
	rootObject = B7506B691CB5482800A4BB40 /* Project object */;
}
